
Microsoft Visual Studio Solution File, Format Version 12.00
# Visual Studio 2012
VisualStudioVersion = 12.0.40629.0
MinimumVisualStudioVersion = 10.0.40219.1
Project("{2150E333-8FDC-42A3-9474-1A3956D46DE8}") = "Samples", "Samples", "{CA9535B0-E356-49A0-9692-B9D20C1F56FC}"
EndProject
Project("{FAE04EC0-301F-11D3-BF4B-00C04F79EFBC}") = "XFExtensions.Samples", "XFExtensions.Samples\XFExtensions.Samples\XFExtensions.Samples.csproj", "{BB5057AE-1DCF-417F-8860-C27C028D43F6}"
EndProject
Project("{FAE04EC0-301F-11D3-BF4B-00C04F79EFBC}") = "XFExtensions.Samples.iOS", "XFExtensions.Samples\XFExtensions.Samples.iOS\XFExtensions.Samples.iOS.csproj", "{802599F5-3B51-4365-AF3A-A5548AA2AA33}"
EndProject
Project("{FAE04EC0-301F-11D3-BF4B-00C04F79EFBC}") = "XFExtensions.Samples.Droid", "XFExtensions.Samples\XFExtensions.Samples.Droid\XFExtensions.Samples.Droid.csproj", "{6ADFA0D7-478B-420D-9098-6CAF548C03A4}"
EndProject
Project("{FAE04EC0-301F-11D3-BF4B-00C04F79EFBC}") = "XFExtensions.Samples.WinPhone", "XFExtensions.Samples\XFExtensions.Samples.WinPhone\XFExtensions.Samples.WinPhone.csproj", "{DB7A9A43-68E2-4800-B7A6-2E7F8BE29004}"
EndProject
Project("{2150E333-8FDC-42A3-9474-1A3956D46DE8}") = "Controls", "Controls", "{4DA76A86-0848-431E-8391-E4E5402F1E35}"
EndProject
Project("{FAE04EC0-301F-11D3-BF4B-00C04F79EFBC}") = "XFExtensions.Controls.Abstractions", "XFExtensions.Controls\XFExtensions.Controls.Abstractions\XFExtensions.Controls.Abstractions.csproj", "{14C534B6-1984-41A9-A384-D3A5508588E3}"
EndProject
Project("{FAE04EC0-301F-11D3-BF4B-00C04F79EFBC}") = "XFExtensions.Controls.iOSUnified", "XFExtensions.Controls\XFExtensions.Controls.iOSUnified\XFExtensions.Controls.iOSUnified.csproj", "{4C94076F-EE68-41E5-902D-93E8B05F671C}"
EndProject
Project("{FAE04EC0-301F-11D3-BF4B-00C04F79EFBC}") = "XFExtensions.Controls.Droid", "XFExtensions.Controls\XFExtensions.Controls.Droid\XFExtensions.Controls.Droid.csproj", "{AD2D2DB4-E781-4CF1-9B62-3AAD264F196D}"
EndProject
Project("{FAE04EC0-301F-11D3-BF4B-00C04F79EFBC}") = "XFExtensions.Controls.WindowsPhone", "XFExtensions.Controls\XFExtensions.Controls.WindowsPhone\XFExtensions.Controls.WindowsPhone.csproj", "{983B7EFF-7E75-4A87-890A-744A0B4C5232}"
EndProject
Project("{2150E333-8FDC-42A3-9474-1A3956D46DE8}") = "Meta Media Plugin", "Meta Media Plugin", "{C4FA455E-5AB4-4C9E-8644-81AE1A273603}"
EndProject
Project("{FAE04EC0-301F-11D3-BF4B-00C04F79EFBC}") = "MetaMediaPlugin.Abstractions", "MetaMediaPlugin.Abstractions\MetaMediaPlugin.Abstractions.csproj", "{23BB238F-CCEC-47C1-96C4-F5249DE893EA}"
EndProject
Project("{FAE04EC0-301F-11D3-BF4B-00C04F79EFBC}") = "MetaMediaPlugin", "MetaMediaPlugin\MetaMediaPlugin.csproj", "{8CEA8543-CAB6-485A-954C-6FA81D280E97}"
EndProject
Project("{FAE04EC0-301F-11D3-BF4B-00C04F79EFBC}") = "MetaMediaPlugin.Droid", "MetaMediaPlugin.Droid\MetaMediaPlugin.Droid.csproj", "{93E73D12-DA3B-4D2D-8C9A-D48480137E06}"
EndProject
Project("{FAE04EC0-301F-11D3-BF4B-00C04F79EFBC}") = "MetaMediaPlugin.iOS", "MetaMediaPlugin.iOS\MetaMediaPlugin.iOS.csproj", "{D4D32B4C-A7C2-4503-BB27-D49FA5F4C41C}"
EndProject
Global
	GlobalSection(SolutionConfigurationPlatforms) = preSolution
		Ad-Hoc|Any CPU = Ad-Hoc|Any CPU
		Ad-Hoc|ARM = Ad-Hoc|ARM
		Ad-Hoc|iPhone = Ad-Hoc|iPhone
		Ad-Hoc|iPhoneSimulator = Ad-Hoc|iPhoneSimulator
		Ad-Hoc|Mixed Platforms = Ad-Hoc|Mixed Platforms
		Ad-Hoc|x86 = Ad-Hoc|x86
		AppStore|Any CPU = AppStore|Any CPU
		AppStore|ARM = AppStore|ARM
		AppStore|iPhone = AppStore|iPhone
		AppStore|iPhoneSimulator = AppStore|iPhoneSimulator
		AppStore|Mixed Platforms = AppStore|Mixed Platforms
		AppStore|x86 = AppStore|x86
		Debug|Any CPU = Debug|Any CPU
		Debug|ARM = Debug|ARM
		Debug|iPhone = Debug|iPhone
		Debug|iPhoneSimulator = Debug|iPhoneSimulator
		Debug|Mixed Platforms = Debug|Mixed Platforms
		Debug|x86 = Debug|x86
		Release|Any CPU = Release|Any CPU
		Release|ARM = Release|ARM
		Release|iPhone = Release|iPhone
		Release|iPhoneSimulator = Release|iPhoneSimulator
		Release|Mixed Platforms = Release|Mixed Platforms
		Release|x86 = Release|x86
	EndGlobalSection
	GlobalSection(ProjectConfigurationPlatforms) = postSolution
		{14C534B6-1984-41A9-A384-D3A5508588E3}.Ad-Hoc|Any CPU.ActiveCfg = Release|Any CPU
		{14C534B6-1984-41A9-A384-D3A5508588E3}.Ad-Hoc|Any CPU.Build.0 = Release|Any CPU
		{14C534B6-1984-41A9-A384-D3A5508588E3}.Ad-Hoc|ARM.ActiveCfg = Release|Any CPU
		{14C534B6-1984-41A9-A384-D3A5508588E3}.Ad-Hoc|iPhone.ActiveCfg = Release|Any CPU
		{14C534B6-1984-41A9-A384-D3A5508588E3}.Ad-Hoc|iPhoneSimulator.ActiveCfg = Release|Any CPU
		{14C534B6-1984-41A9-A384-D3A5508588E3}.Ad-Hoc|Mixed Platforms.ActiveCfg = Release|Any CPU
		{14C534B6-1984-41A9-A384-D3A5508588E3}.Ad-Hoc|Mixed Platforms.Build.0 = Release|Any CPU
		{14C534B6-1984-41A9-A384-D3A5508588E3}.Ad-Hoc|x86.ActiveCfg = Release|Any CPU
		{14C534B6-1984-41A9-A384-D3A5508588E3}.AppStore|Any CPU.ActiveCfg = Release|Any CPU
		{14C534B6-1984-41A9-A384-D3A5508588E3}.AppStore|Any CPU.Build.0 = Release|Any CPU
		{14C534B6-1984-41A9-A384-D3A5508588E3}.AppStore|ARM.ActiveCfg = Release|Any CPU
		{14C534B6-1984-41A9-A384-D3A5508588E3}.AppStore|iPhone.ActiveCfg = Release|Any CPU
		{14C534B6-1984-41A9-A384-D3A5508588E3}.AppStore|iPhoneSimulator.ActiveCfg = Release|Any CPU
		{14C534B6-1984-41A9-A384-D3A5508588E3}.AppStore|Mixed Platforms.ActiveCfg = Release|Any CPU
		{14C534B6-1984-41A9-A384-D3A5508588E3}.AppStore|Mixed Platforms.Build.0 = Release|Any CPU
		{14C534B6-1984-41A9-A384-D3A5508588E3}.AppStore|x86.ActiveCfg = Release|Any CPU
		{14C534B6-1984-41A9-A384-D3A5508588E3}.Debug|Any CPU.ActiveCfg = Debug|Any CPU
		{14C534B6-1984-41A9-A384-D3A5508588E3}.Debug|Any CPU.Build.0 = Debug|Any CPU
		{14C534B6-1984-41A9-A384-D3A5508588E3}.Debug|ARM.ActiveCfg = Debug|Any CPU
		{14C534B6-1984-41A9-A384-D3A5508588E3}.Debug|iPhone.ActiveCfg = Debug|Any CPU
		{14C534B6-1984-41A9-A384-D3A5508588E3}.Debug|iPhone.Build.0 = Debug|Any CPU
		{14C534B6-1984-41A9-A384-D3A5508588E3}.Debug|iPhoneSimulator.ActiveCfg = Debug|Any CPU
		{14C534B6-1984-41A9-A384-D3A5508588E3}.Debug|iPhoneSimulator.Build.0 = Debug|Any CPU
		{14C534B6-1984-41A9-A384-D3A5508588E3}.Debug|Mixed Platforms.ActiveCfg = Debug|Any CPU
		{14C534B6-1984-41A9-A384-D3A5508588E3}.Debug|Mixed Platforms.Build.0 = Debug|Any CPU
		{14C534B6-1984-41A9-A384-D3A5508588E3}.Debug|x86.ActiveCfg = Debug|Any CPU
		{14C534B6-1984-41A9-A384-D3A5508588E3}.Release|Any CPU.ActiveCfg = Release|Any CPU
		{14C534B6-1984-41A9-A384-D3A5508588E3}.Release|Any CPU.Build.0 = Release|Any CPU
		{14C534B6-1984-41A9-A384-D3A5508588E3}.Release|ARM.ActiveCfg = Release|Any CPU
		{14C534B6-1984-41A9-A384-D3A5508588E3}.Release|iPhone.ActiveCfg = Release|Any CPU
		{14C534B6-1984-41A9-A384-D3A5508588E3}.Release|iPhoneSimulator.ActiveCfg = Release|Any CPU
		{14C534B6-1984-41A9-A384-D3A5508588E3}.Release|Mixed Platforms.ActiveCfg = Release|Any CPU
		{14C534B6-1984-41A9-A384-D3A5508588E3}.Release|Mixed Platforms.Build.0 = Release|Any CPU
		{14C534B6-1984-41A9-A384-D3A5508588E3}.Release|x86.ActiveCfg = Release|Any CPU
		{23BB238F-CCEC-47C1-96C4-F5249DE893EA}.Ad-Hoc|Any CPU.ActiveCfg = Release|Any CPU
		{23BB238F-CCEC-47C1-96C4-F5249DE893EA}.Ad-Hoc|Any CPU.Build.0 = Release|Any CPU
		{23BB238F-CCEC-47C1-96C4-F5249DE893EA}.Ad-Hoc|ARM.ActiveCfg = Release|Any CPU
		{23BB238F-CCEC-47C1-96C4-F5249DE893EA}.Ad-Hoc|iPhone.ActiveCfg = Release|Any CPU
		{23BB238F-CCEC-47C1-96C4-F5249DE893EA}.Ad-Hoc|iPhoneSimulator.ActiveCfg = Release|Any CPU
		{23BB238F-CCEC-47C1-96C4-F5249DE893EA}.Ad-Hoc|Mixed Platforms.ActiveCfg = Release|Any CPU
		{23BB238F-CCEC-47C1-96C4-F5249DE893EA}.Ad-Hoc|Mixed Platforms.Build.0 = Release|Any CPU
		{23BB238F-CCEC-47C1-96C4-F5249DE893EA}.Ad-Hoc|x86.ActiveCfg = Release|Any CPU
		{23BB238F-CCEC-47C1-96C4-F5249DE893EA}.AppStore|Any CPU.ActiveCfg = Release|Any CPU
		{23BB238F-CCEC-47C1-96C4-F5249DE893EA}.AppStore|Any CPU.Build.0 = Release|Any CPU
		{23BB238F-CCEC-47C1-96C4-F5249DE893EA}.AppStore|ARM.ActiveCfg = Release|Any CPU
		{23BB238F-CCEC-47C1-96C4-F5249DE893EA}.AppStore|iPhone.ActiveCfg = Release|Any CPU
		{23BB238F-CCEC-47C1-96C4-F5249DE893EA}.AppStore|iPhoneSimulator.ActiveCfg = Release|Any CPU
		{23BB238F-CCEC-47C1-96C4-F5249DE893EA}.AppStore|Mixed Platforms.ActiveCfg = Release|Any CPU
		{23BB238F-CCEC-47C1-96C4-F5249DE893EA}.AppStore|Mixed Platforms.Build.0 = Release|Any CPU
		{23BB238F-CCEC-47C1-96C4-F5249DE893EA}.AppStore|x86.ActiveCfg = Release|Any CPU
		{23BB238F-CCEC-47C1-96C4-F5249DE893EA}.Debug|Any CPU.ActiveCfg = Debug|Any CPU
		{23BB238F-CCEC-47C1-96C4-F5249DE893EA}.Debug|Any CPU.Build.0 = Debug|Any CPU
		{23BB238F-CCEC-47C1-96C4-F5249DE893EA}.Debug|ARM.ActiveCfg = Debug|Any CPU
		{23BB238F-CCEC-47C1-96C4-F5249DE893EA}.Debug|iPhone.ActiveCfg = Debug|Any CPU
		{23BB238F-CCEC-47C1-96C4-F5249DE893EA}.Debug|iPhoneSimulator.ActiveCfg = Debug|Any CPU
		{23BB238F-CCEC-47C1-96C4-F5249DE893EA}.Debug|Mixed Platforms.ActiveCfg = Debug|Any CPU
		{23BB238F-CCEC-47C1-96C4-F5249DE893EA}.Debug|Mixed Platforms.Build.0 = Debug|Any CPU
		{23BB238F-CCEC-47C1-96C4-F5249DE893EA}.Debug|x86.ActiveCfg = Debug|Any CPU
		{23BB238F-CCEC-47C1-96C4-F5249DE893EA}.Release|Any CPU.ActiveCfg = Release|Any CPU
		{23BB238F-CCEC-47C1-96C4-F5249DE893EA}.Release|Any CPU.Build.0 = Release|Any CPU
		{23BB238F-CCEC-47C1-96C4-F5249DE893EA}.Release|ARM.ActiveCfg = Release|Any CPU
		{23BB238F-CCEC-47C1-96C4-F5249DE893EA}.Release|iPhone.ActiveCfg = Release|Any CPU
		{23BB238F-CCEC-47C1-96C4-F5249DE893EA}.Release|iPhoneSimulator.ActiveCfg = Release|Any CPU
		{23BB238F-CCEC-47C1-96C4-F5249DE893EA}.Release|Mixed Platforms.ActiveCfg = Release|Any CPU
		{23BB238F-CCEC-47C1-96C4-F5249DE893EA}.Release|Mixed Platforms.Build.0 = Release|Any CPU
		{23BB238F-CCEC-47C1-96C4-F5249DE893EA}.Release|x86.ActiveCfg = Release|Any CPU
		{4C94076F-EE68-41E5-902D-93E8B05F671C}.Ad-Hoc|Any CPU.ActiveCfg = Release|Any CPU
		{4C94076F-EE68-41E5-902D-93E8B05F671C}.Ad-Hoc|Any CPU.Build.0 = Release|Any CPU
		{4C94076F-EE68-41E5-902D-93E8B05F671C}.Ad-Hoc|ARM.ActiveCfg = Release|Any CPU
		{4C94076F-EE68-41E5-902D-93E8B05F671C}.Ad-Hoc|iPhone.ActiveCfg = Release|Any CPU
		{4C94076F-EE68-41E5-902D-93E8B05F671C}.Ad-Hoc|iPhoneSimulator.ActiveCfg = Release|Any CPU
		{4C94076F-EE68-41E5-902D-93E8B05F671C}.Ad-Hoc|Mixed Platforms.ActiveCfg = Release|Any CPU
		{4C94076F-EE68-41E5-902D-93E8B05F671C}.Ad-Hoc|Mixed Platforms.Build.0 = Release|Any CPU
		{4C94076F-EE68-41E5-902D-93E8B05F671C}.Ad-Hoc|x86.ActiveCfg = Release|Any CPU
		{4C94076F-EE68-41E5-902D-93E8B05F671C}.AppStore|Any CPU.ActiveCfg = Release|Any CPU
		{4C94076F-EE68-41E5-902D-93E8B05F671C}.AppStore|Any CPU.Build.0 = Release|Any CPU
		{4C94076F-EE68-41E5-902D-93E8B05F671C}.AppStore|ARM.ActiveCfg = Release|Any CPU
		{4C94076F-EE68-41E5-902D-93E8B05F671C}.AppStore|iPhone.ActiveCfg = Release|Any CPU
		{4C94076F-EE68-41E5-902D-93E8B05F671C}.AppStore|iPhoneSimulator.ActiveCfg = Release|Any CPU
		{4C94076F-EE68-41E5-902D-93E8B05F671C}.AppStore|Mixed Platforms.ActiveCfg = Release|Any CPU
		{4C94076F-EE68-41E5-902D-93E8B05F671C}.AppStore|Mixed Platforms.Build.0 = Release|Any CPU
		{4C94076F-EE68-41E5-902D-93E8B05F671C}.AppStore|x86.ActiveCfg = Release|Any CPU
		{4C94076F-EE68-41E5-902D-93E8B05F671C}.Debug|Any CPU.ActiveCfg = Debug|Any CPU
		{4C94076F-EE68-41E5-902D-93E8B05F671C}.Debug|Any CPU.Build.0 = Debug|Any CPU
		{4C94076F-EE68-41E5-902D-93E8B05F671C}.Debug|ARM.ActiveCfg = Debug|Any CPU
		{4C94076F-EE68-41E5-902D-93E8B05F671C}.Debug|iPhone.ActiveCfg = Debug|Any CPU
		{4C94076F-EE68-41E5-902D-93E8B05F671C}.Debug|iPhone.Build.0 = Debug|Any CPU
		{4C94076F-EE68-41E5-902D-93E8B05F671C}.Debug|iPhoneSimulator.ActiveCfg = Debug|Any CPU
		{4C94076F-EE68-41E5-902D-93E8B05F671C}.Debug|iPhoneSimulator.Build.0 = Debug|Any CPU
		{4C94076F-EE68-41E5-902D-93E8B05F671C}.Debug|Mixed Platforms.ActiveCfg = Debug|Any CPU
		{4C94076F-EE68-41E5-902D-93E8B05F671C}.Debug|Mixed Platforms.Build.0 = Debug|Any CPU
		{4C94076F-EE68-41E5-902D-93E8B05F671C}.Debug|x86.ActiveCfg = Debug|Any CPU
		{4C94076F-EE68-41E5-902D-93E8B05F671C}.Release|Any CPU.ActiveCfg = Release|Any CPU
		{4C94076F-EE68-41E5-902D-93E8B05F671C}.Release|Any CPU.Build.0 = Release|Any CPU
		{4C94076F-EE68-41E5-902D-93E8B05F671C}.Release|ARM.ActiveCfg = Release|Any CPU
		{4C94076F-EE68-41E5-902D-93E8B05F671C}.Release|iPhone.ActiveCfg = Release|Any CPU
		{4C94076F-EE68-41E5-902D-93E8B05F671C}.Release|iPhoneSimulator.ActiveCfg = Release|Any CPU
		{4C94076F-EE68-41E5-902D-93E8B05F671C}.Release|Mixed Platforms.ActiveCfg = Release|Any CPU
		{4C94076F-EE68-41E5-902D-93E8B05F671C}.Release|Mixed Platforms.Build.0 = Release|Any CPU
		{4C94076F-EE68-41E5-902D-93E8B05F671C}.Release|x86.ActiveCfg = Release|Any CPU
		{6ADFA0D7-478B-420D-9098-6CAF548C03A4}.Ad-Hoc|Any CPU.ActiveCfg = Release|Any CPU
		{6ADFA0D7-478B-420D-9098-6CAF548C03A4}.Ad-Hoc|Any CPU.Build.0 = Release|Any CPU
		{6ADFA0D7-478B-420D-9098-6CAF548C03A4}.Ad-Hoc|Any CPU.Deploy.0 = Release|Any CPU
		{6ADFA0D7-478B-420D-9098-6CAF548C03A4}.Ad-Hoc|ARM.ActiveCfg = Release|Any CPU
		{6ADFA0D7-478B-420D-9098-6CAF548C03A4}.Ad-Hoc|iPhone.ActiveCfg = Release|Any CPU
		{6ADFA0D7-478B-420D-9098-6CAF548C03A4}.Ad-Hoc|iPhoneSimulator.ActiveCfg = Release|Any CPU
		{6ADFA0D7-478B-420D-9098-6CAF548C03A4}.Ad-Hoc|Mixed Platforms.ActiveCfg = Release|Any CPU
		{6ADFA0D7-478B-420D-9098-6CAF548C03A4}.Ad-Hoc|Mixed Platforms.Build.0 = Release|Any CPU
		{6ADFA0D7-478B-420D-9098-6CAF548C03A4}.Ad-Hoc|Mixed Platforms.Deploy.0 = Release|Any CPU
		{6ADFA0D7-478B-420D-9098-6CAF548C03A4}.Ad-Hoc|x86.ActiveCfg = Release|Any CPU
		{6ADFA0D7-478B-420D-9098-6CAF548C03A4}.AppStore|Any CPU.ActiveCfg = Release|Any CPU
		{6ADFA0D7-478B-420D-9098-6CAF548C03A4}.AppStore|Any CPU.Build.0 = Release|Any CPU
		{6ADFA0D7-478B-420D-9098-6CAF548C03A4}.AppStore|Any CPU.Deploy.0 = Release|Any CPU
		{6ADFA0D7-478B-420D-9098-6CAF548C03A4}.AppStore|ARM.ActiveCfg = Release|Any CPU
		{6ADFA0D7-478B-420D-9098-6CAF548C03A4}.AppStore|iPhone.ActiveCfg = Release|Any CPU
		{6ADFA0D7-478B-420D-9098-6CAF548C03A4}.AppStore|iPhoneSimulator.ActiveCfg = Release|Any CPU
		{6ADFA0D7-478B-420D-9098-6CAF548C03A4}.AppStore|Mixed Platforms.ActiveCfg = Release|Any CPU
		{6ADFA0D7-478B-420D-9098-6CAF548C03A4}.AppStore|Mixed Platforms.Build.0 = Release|Any CPU
		{6ADFA0D7-478B-420D-9098-6CAF548C03A4}.AppStore|Mixed Platforms.Deploy.0 = Release|Any CPU
		{6ADFA0D7-478B-420D-9098-6CAF548C03A4}.AppStore|x86.ActiveCfg = Release|Any CPU
		{6ADFA0D7-478B-420D-9098-6CAF548C03A4}.Debug|Any CPU.ActiveCfg = Debug|Any CPU
		{6ADFA0D7-478B-420D-9098-6CAF548C03A4}.Debug|Any CPU.Build.0 = Debug|Any CPU
		{6ADFA0D7-478B-420D-9098-6CAF548C03A4}.Debug|Any CPU.Deploy.0 = Debug|Any CPU
		{6ADFA0D7-478B-420D-9098-6CAF548C03A4}.Debug|ARM.ActiveCfg = Debug|Any CPU
		{6ADFA0D7-478B-420D-9098-6CAF548C03A4}.Debug|iPhone.ActiveCfg = Debug|Any CPU
		{6ADFA0D7-478B-420D-9098-6CAF548C03A4}.Debug|iPhoneSimulator.ActiveCfg = Debug|Any CPU
		{6ADFA0D7-478B-420D-9098-6CAF548C03A4}.Debug|Mixed Platforms.ActiveCfg = Debug|Any CPU
		{6ADFA0D7-478B-420D-9098-6CAF548C03A4}.Debug|Mixed Platforms.Build.0 = Debug|Any CPU
		{6ADFA0D7-478B-420D-9098-6CAF548C03A4}.Debug|Mixed Platforms.Deploy.0 = Debug|Any CPU
		{6ADFA0D7-478B-420D-9098-6CAF548C03A4}.Debug|x86.ActiveCfg = Debug|Any CPU
		{6ADFA0D7-478B-420D-9098-6CAF548C03A4}.Release|Any CPU.ActiveCfg = Release|Any CPU
		{6ADFA0D7-478B-420D-9098-6CAF548C03A4}.Release|Any CPU.Build.0 = Release|Any CPU
		{6ADFA0D7-478B-420D-9098-6CAF548C03A4}.Release|Any CPU.Deploy.0 = Release|Any CPU
		{6ADFA0D7-478B-420D-9098-6CAF548C03A4}.Release|ARM.ActiveCfg = Release|Any CPU
		{6ADFA0D7-478B-420D-9098-6CAF548C03A4}.Release|iPhone.ActiveCfg = Release|Any CPU
		{6ADFA0D7-478B-420D-9098-6CAF548C03A4}.Release|iPhoneSimulator.ActiveCfg = Release|Any CPU
		{6ADFA0D7-478B-420D-9098-6CAF548C03A4}.Release|Mixed Platforms.ActiveCfg = Release|Any CPU
		{6ADFA0D7-478B-420D-9098-6CAF548C03A4}.Release|Mixed Platforms.Build.0 = Release|Any CPU
		{6ADFA0D7-478B-420D-9098-6CAF548C03A4}.Release|Mixed Platforms.Deploy.0 = Release|Any CPU
		{6ADFA0D7-478B-420D-9098-6CAF548C03A4}.Release|x86.ActiveCfg = Release|Any CPU
		{802599F5-3B51-4365-AF3A-A5548AA2AA33}.Ad-Hoc|Any CPU.ActiveCfg = Ad-Hoc|iPhone
		{802599F5-3B51-4365-AF3A-A5548AA2AA33}.Ad-Hoc|ARM.ActiveCfg = Ad-Hoc|iPhone
		{802599F5-3B51-4365-AF3A-A5548AA2AA33}.Ad-Hoc|iPhone.ActiveCfg = Ad-Hoc|iPhone
		{802599F5-3B51-4365-AF3A-A5548AA2AA33}.Ad-Hoc|iPhone.Build.0 = Ad-Hoc|iPhone
		{802599F5-3B51-4365-AF3A-A5548AA2AA33}.Ad-Hoc|iPhoneSimulator.ActiveCfg = Ad-Hoc|iPhoneSimulator
		{802599F5-3B51-4365-AF3A-A5548AA2AA33}.Ad-Hoc|iPhoneSimulator.Build.0 = Ad-Hoc|iPhoneSimulator
		{802599F5-3B51-4365-AF3A-A5548AA2AA33}.Ad-Hoc|Mixed Platforms.ActiveCfg = Ad-Hoc|iPhone
		{802599F5-3B51-4365-AF3A-A5548AA2AA33}.Ad-Hoc|Mixed Platforms.Build.0 = Ad-Hoc|iPhone
		{802599F5-3B51-4365-AF3A-A5548AA2AA33}.Ad-Hoc|x86.ActiveCfg = Ad-Hoc|iPhone
		{802599F5-3B51-4365-AF3A-A5548AA2AA33}.AppStore|Any CPU.ActiveCfg = AppStore|iPhone
		{802599F5-3B51-4365-AF3A-A5548AA2AA33}.AppStore|ARM.ActiveCfg = AppStore|iPhone
		{802599F5-3B51-4365-AF3A-A5548AA2AA33}.AppStore|iPhone.ActiveCfg = AppStore|iPhone
		{802599F5-3B51-4365-AF3A-A5548AA2AA33}.AppStore|iPhone.Build.0 = AppStore|iPhone
		{802599F5-3B51-4365-AF3A-A5548AA2AA33}.AppStore|iPhoneSimulator.ActiveCfg = AppStore|iPhoneSimulator
		{802599F5-3B51-4365-AF3A-A5548AA2AA33}.AppStore|iPhoneSimulator.Build.0 = AppStore|iPhoneSimulator
		{802599F5-3B51-4365-AF3A-A5548AA2AA33}.AppStore|Mixed Platforms.ActiveCfg = AppStore|iPhone
		{802599F5-3B51-4365-AF3A-A5548AA2AA33}.AppStore|Mixed Platforms.Build.0 = AppStore|iPhone
		{802599F5-3B51-4365-AF3A-A5548AA2AA33}.AppStore|x86.ActiveCfg = AppStore|iPhone
		{802599F5-3B51-4365-AF3A-A5548AA2AA33}.Debug|Any CPU.ActiveCfg = Debug|iPhone
		{802599F5-3B51-4365-AF3A-A5548AA2AA33}.Debug|ARM.ActiveCfg = Debug|iPhone
		{802599F5-3B51-4365-AF3A-A5548AA2AA33}.Debug|iPhone.ActiveCfg = Debug|iPhone
		{802599F5-3B51-4365-AF3A-A5548AA2AA33}.Debug|iPhone.Build.0 = Debug|iPhone
		{802599F5-3B51-4365-AF3A-A5548AA2AA33}.Debug|iPhoneSimulator.ActiveCfg = Debug|iPhoneSimulator
		{802599F5-3B51-4365-AF3A-A5548AA2AA33}.Debug|iPhoneSimulator.Build.0 = Debug|iPhoneSimulator
		{802599F5-3B51-4365-AF3A-A5548AA2AA33}.Debug|Mixed Platforms.ActiveCfg = Debug|iPhone
		{802599F5-3B51-4365-AF3A-A5548AA2AA33}.Debug|Mixed Platforms.Build.0 = Debug|iPhone
		{802599F5-3B51-4365-AF3A-A5548AA2AA33}.Debug|x86.ActiveCfg = Debug|iPhone
		{802599F5-3B51-4365-AF3A-A5548AA2AA33}.Release|Any CPU.ActiveCfg = Release|iPhone
		{802599F5-3B51-4365-AF3A-A5548AA2AA33}.Release|ARM.ActiveCfg = Release|iPhone
		{802599F5-3B51-4365-AF3A-A5548AA2AA33}.Release|iPhone.ActiveCfg = Release|iPhone
		{802599F5-3B51-4365-AF3A-A5548AA2AA33}.Release|iPhone.Build.0 = Release|iPhone
		{802599F5-3B51-4365-AF3A-A5548AA2AA33}.Release|iPhoneSimulator.ActiveCfg = Release|iPhoneSimulator
		{802599F5-3B51-4365-AF3A-A5548AA2AA33}.Release|iPhoneSimulator.Build.0 = Release|iPhoneSimulator
		{802599F5-3B51-4365-AF3A-A5548AA2AA33}.Release|Mixed Platforms.ActiveCfg = Release|iPhone
		{802599F5-3B51-4365-AF3A-A5548AA2AA33}.Release|Mixed Platforms.Build.0 = Release|iPhone
		{802599F5-3B51-4365-AF3A-A5548AA2AA33}.Release|x86.ActiveCfg = Release|iPhone
		{8CEA8543-CAB6-485A-954C-6FA81D280E97}.Ad-Hoc|Any CPU.ActiveCfg = Release|Any CPU
		{8CEA8543-CAB6-485A-954C-6FA81D280E97}.Ad-Hoc|Any CPU.Build.0 = Release|Any CPU
		{8CEA8543-CAB6-485A-954C-6FA81D280E97}.Ad-Hoc|ARM.ActiveCfg = Release|Any CPU
		{8CEA8543-CAB6-485A-954C-6FA81D280E97}.Ad-Hoc|iPhone.ActiveCfg = Release|Any CPU
		{8CEA8543-CAB6-485A-954C-6FA81D280E97}.Ad-Hoc|iPhoneSimulator.ActiveCfg = Release|Any CPU
		{8CEA8543-CAB6-485A-954C-6FA81D280E97}.Ad-Hoc|Mixed Platforms.ActiveCfg = Release|Any CPU
		{8CEA8543-CAB6-485A-954C-6FA81D280E97}.Ad-Hoc|Mixed Platforms.Build.0 = Release|Any CPU
		{8CEA8543-CAB6-485A-954C-6FA81D280E97}.Ad-Hoc|x86.ActiveCfg = Release|Any CPU
		{8CEA8543-CAB6-485A-954C-6FA81D280E97}.AppStore|Any CPU.ActiveCfg = Release|Any CPU
		{8CEA8543-CAB6-485A-954C-6FA81D280E97}.AppStore|Any CPU.Build.0 = Release|Any CPU
		{8CEA8543-CAB6-485A-954C-6FA81D280E97}.AppStore|ARM.ActiveCfg = Release|Any CPU
		{8CEA8543-CAB6-485A-954C-6FA81D280E97}.AppStore|iPhone.ActiveCfg = Release|Any CPU
		{8CEA8543-CAB6-485A-954C-6FA81D280E97}.AppStore|iPhoneSimulator.ActiveCfg = Release|Any CPU
		{8CEA8543-CAB6-485A-954C-6FA81D280E97}.AppStore|Mixed Platforms.ActiveCfg = Release|Any CPU
		{8CEA8543-CAB6-485A-954C-6FA81D280E97}.AppStore|Mixed Platforms.Build.0 = Release|Any CPU
		{8CEA8543-CAB6-485A-954C-6FA81D280E97}.AppStore|x86.ActiveCfg = Release|Any CPU
		{8CEA8543-CAB6-485A-954C-6FA81D280E97}.Debug|Any CPU.ActiveCfg = Debug|Any CPU
		{8CEA8543-CAB6-485A-954C-6FA81D280E97}.Debug|Any CPU.Build.0 = Debug|Any CPU
		{8CEA8543-CAB6-485A-954C-6FA81D280E97}.Debug|ARM.ActiveCfg = Debug|Any CPU
		{8CEA8543-CAB6-485A-954C-6FA81D280E97}.Debug|iPhone.ActiveCfg = Debug|Any CPU
		{8CEA8543-CAB6-485A-954C-6FA81D280E97}.Debug|iPhoneSimulator.ActiveCfg = Debug|Any CPU
		{8CEA8543-CAB6-485A-954C-6FA81D280E97}.Debug|Mixed Platforms.ActiveCfg = Debug|Any CPU
		{8CEA8543-CAB6-485A-954C-6FA81D280E97}.Debug|Mixed Platforms.Build.0 = Debug|Any CPU
		{8CEA8543-CAB6-485A-954C-6FA81D280E97}.Debug|x86.ActiveCfg = Debug|Any CPU
		{8CEA8543-CAB6-485A-954C-6FA81D280E97}.Release|Any CPU.ActiveCfg = Release|Any CPU
		{8CEA8543-CAB6-485A-954C-6FA81D280E97}.Release|Any CPU.Build.0 = Release|Any CPU
		{8CEA8543-CAB6-485A-954C-6FA81D280E97}.Release|ARM.ActiveCfg = Release|Any CPU
		{8CEA8543-CAB6-485A-954C-6FA81D280E97}.Release|iPhone.ActiveCfg = Release|Any CPU
		{8CEA8543-CAB6-485A-954C-6FA81D280E97}.Release|iPhoneSimulator.ActiveCfg = Release|Any CPU
		{8CEA8543-CAB6-485A-954C-6FA81D280E97}.Release|Mixed Platforms.ActiveCfg = Release|Any CPU
		{8CEA8543-CAB6-485A-954C-6FA81D280E97}.Release|Mixed Platforms.Build.0 = Release|Any CPU
		{8CEA8543-CAB6-485A-954C-6FA81D280E97}.Release|x86.ActiveCfg = Release|Any CPU
		{93E73D12-DA3B-4D2D-8C9A-D48480137E06}.Ad-Hoc|Any CPU.ActiveCfg = Release|Any CPU
		{93E73D12-DA3B-4D2D-8C9A-D48480137E06}.Ad-Hoc|Any CPU.Build.0 = Release|Any CPU
		{93E73D12-DA3B-4D2D-8C9A-D48480137E06}.Ad-Hoc|ARM.ActiveCfg = Release|Any CPU
		{93E73D12-DA3B-4D2D-8C9A-D48480137E06}.Ad-Hoc|iPhone.ActiveCfg = Release|Any CPU
		{93E73D12-DA3B-4D2D-8C9A-D48480137E06}.Ad-Hoc|iPhoneSimulator.ActiveCfg = Release|Any CPU
		{93E73D12-DA3B-4D2D-8C9A-D48480137E06}.Ad-Hoc|Mixed Platforms.ActiveCfg = Release|Any CPU
		{93E73D12-DA3B-4D2D-8C9A-D48480137E06}.Ad-Hoc|Mixed Platforms.Build.0 = Release|Any CPU
		{93E73D12-DA3B-4D2D-8C9A-D48480137E06}.Ad-Hoc|x86.ActiveCfg = Release|Any CPU
		{93E73D12-DA3B-4D2D-8C9A-D48480137E06}.AppStore|Any CPU.ActiveCfg = Release|Any CPU
		{93E73D12-DA3B-4D2D-8C9A-D48480137E06}.AppStore|Any CPU.Build.0 = Release|Any CPU
		{93E73D12-DA3B-4D2D-8C9A-D48480137E06}.AppStore|ARM.ActiveCfg = Release|Any CPU
		{93E73D12-DA3B-4D2D-8C9A-D48480137E06}.AppStore|iPhone.ActiveCfg = Release|Any CPU
		{93E73D12-DA3B-4D2D-8C9A-D48480137E06}.AppStore|iPhoneSimulator.ActiveCfg = Release|Any CPU
		{93E73D12-DA3B-4D2D-8C9A-D48480137E06}.AppStore|Mixed Platforms.ActiveCfg = Release|Any CPU
		{93E73D12-DA3B-4D2D-8C9A-D48480137E06}.AppStore|Mixed Platforms.Build.0 = Release|Any CPU
		{93E73D12-DA3B-4D2D-8C9A-D48480137E06}.AppStore|x86.ActiveCfg = Release|Any CPU
		{93E73D12-DA3B-4D2D-8C9A-D48480137E06}.Debug|Any CPU.ActiveCfg = Debug|Any CPU
		{93E73D12-DA3B-4D2D-8C9A-D48480137E06}.Debug|Any CPU.Build.0 = Debug|Any CPU
		{93E73D12-DA3B-4D2D-8C9A-D48480137E06}.Debug|ARM.ActiveCfg = Debug|Any CPU
		{93E73D12-DA3B-4D2D-8C9A-D48480137E06}.Debug|iPhone.ActiveCfg = Debug|Any CPU
		{93E73D12-DA3B-4D2D-8C9A-D48480137E06}.Debug|iPhoneSimulator.ActiveCfg = Debug|Any CPU
		{93E73D12-DA3B-4D2D-8C9A-D48480137E06}.Debug|Mixed Platforms.ActiveCfg = Debug|Any CPU
		{93E73D12-DA3B-4D2D-8C9A-D48480137E06}.Debug|Mixed Platforms.Build.0 = Debug|Any CPU
		{93E73D12-DA3B-4D2D-8C9A-D48480137E06}.Debug|x86.ActiveCfg = Debug|Any CPU
		{93E73D12-DA3B-4D2D-8C9A-D48480137E06}.Release|Any CPU.ActiveCfg = Release|Any CPU
		{93E73D12-DA3B-4D2D-8C9A-D48480137E06}.Release|Any CPU.Build.0 = Release|Any CPU
		{93E73D12-DA3B-4D2D-8C9A-D48480137E06}.Release|ARM.ActiveCfg = Release|Any CPU
		{93E73D12-DA3B-4D2D-8C9A-D48480137E06}.Release|iPhone.ActiveCfg = Release|Any CPU
		{93E73D12-DA3B-4D2D-8C9A-D48480137E06}.Release|iPhoneSimulator.ActiveCfg = Release|Any CPU
		{93E73D12-DA3B-4D2D-8C9A-D48480137E06}.Release|Mixed Platforms.ActiveCfg = Release|Any CPU
		{93E73D12-DA3B-4D2D-8C9A-D48480137E06}.Release|Mixed Platforms.Build.0 = Release|Any CPU
		{93E73D12-DA3B-4D2D-8C9A-D48480137E06}.Release|x86.ActiveCfg = Release|Any CPU
		{983B7EFF-7E75-4A87-890A-744A0B4C5232}.Ad-Hoc|Any CPU.ActiveCfg = Release|Any CPU
		{983B7EFF-7E75-4A87-890A-744A0B4C5232}.Ad-Hoc|Any CPU.Build.0 = Release|Any CPU
		{983B7EFF-7E75-4A87-890A-744A0B4C5232}.Ad-Hoc|ARM.ActiveCfg = Release|ARM
		{983B7EFF-7E75-4A87-890A-744A0B4C5232}.Ad-Hoc|ARM.Build.0 = Release|ARM
		{983B7EFF-7E75-4A87-890A-744A0B4C5232}.Ad-Hoc|iPhone.ActiveCfg = Release|Any CPU
		{983B7EFF-7E75-4A87-890A-744A0B4C5232}.Ad-Hoc|iPhoneSimulator.ActiveCfg = Release|Any CPU
		{983B7EFF-7E75-4A87-890A-744A0B4C5232}.Ad-Hoc|Mixed Platforms.ActiveCfg = Release|x86
		{983B7EFF-7E75-4A87-890A-744A0B4C5232}.Ad-Hoc|Mixed Platforms.Build.0 = Release|x86
		{983B7EFF-7E75-4A87-890A-744A0B4C5232}.Ad-Hoc|x86.ActiveCfg = Release|x86
		{983B7EFF-7E75-4A87-890A-744A0B4C5232}.Ad-Hoc|x86.Build.0 = Release|x86
		{983B7EFF-7E75-4A87-890A-744A0B4C5232}.AppStore|Any CPU.ActiveCfg = Release|Any CPU
		{983B7EFF-7E75-4A87-890A-744A0B4C5232}.AppStore|Any CPU.Build.0 = Release|Any CPU
		{983B7EFF-7E75-4A87-890A-744A0B4C5232}.AppStore|ARM.ActiveCfg = Release|ARM
		{983B7EFF-7E75-4A87-890A-744A0B4C5232}.AppStore|ARM.Build.0 = Release|ARM
		{983B7EFF-7E75-4A87-890A-744A0B4C5232}.AppStore|iPhone.ActiveCfg = Release|Any CPU
		{983B7EFF-7E75-4A87-890A-744A0B4C5232}.AppStore|iPhoneSimulator.ActiveCfg = Release|Any CPU
		{983B7EFF-7E75-4A87-890A-744A0B4C5232}.AppStore|Mixed Platforms.ActiveCfg = Release|x86
		{983B7EFF-7E75-4A87-890A-744A0B4C5232}.AppStore|Mixed Platforms.Build.0 = Release|x86
		{983B7EFF-7E75-4A87-890A-744A0B4C5232}.AppStore|x86.ActiveCfg = Release|x86
		{983B7EFF-7E75-4A87-890A-744A0B4C5232}.AppStore|x86.Build.0 = Release|x86
		{983B7EFF-7E75-4A87-890A-744A0B4C5232}.Debug|Any CPU.ActiveCfg = Debug|Any CPU
		{983B7EFF-7E75-4A87-890A-744A0B4C5232}.Debug|Any CPU.Build.0 = Debug|Any CPU
		{983B7EFF-7E75-4A87-890A-744A0B4C5232}.Debug|ARM.ActiveCfg = Debug|ARM
		{983B7EFF-7E75-4A87-890A-744A0B4C5232}.Debug|ARM.Build.0 = Debug|ARM
		{983B7EFF-7E75-4A87-890A-744A0B4C5232}.Debug|iPhone.ActiveCfg = Debug|Any CPU
		{983B7EFF-7E75-4A87-890A-744A0B4C5232}.Debug|iPhoneSimulator.ActiveCfg = Debug|Any CPU
		{983B7EFF-7E75-4A87-890A-744A0B4C5232}.Debug|Mixed Platforms.ActiveCfg = Debug|x86
		{983B7EFF-7E75-4A87-890A-744A0B4C5232}.Debug|Mixed Platforms.Build.0 = Debug|x86
		{983B7EFF-7E75-4A87-890A-744A0B4C5232}.Debug|x86.ActiveCfg = Debug|x86
		{983B7EFF-7E75-4A87-890A-744A0B4C5232}.Debug|x86.Build.0 = Debug|x86
		{983B7EFF-7E75-4A87-890A-744A0B4C5232}.Release|Any CPU.ActiveCfg = Release|Any CPU
		{983B7EFF-7E75-4A87-890A-744A0B4C5232}.Release|Any CPU.Build.0 = Release|Any CPU
		{983B7EFF-7E75-4A87-890A-744A0B4C5232}.Release|ARM.ActiveCfg = Release|ARM
		{983B7EFF-7E75-4A87-890A-744A0B4C5232}.Release|ARM.Build.0 = Release|ARM
		{983B7EFF-7E75-4A87-890A-744A0B4C5232}.Release|iPhone.ActiveCfg = Release|Any CPU
		{983B7EFF-7E75-4A87-890A-744A0B4C5232}.Release|iPhoneSimulator.ActiveCfg = Release|Any CPU
		{983B7EFF-7E75-4A87-890A-744A0B4C5232}.Release|Mixed Platforms.ActiveCfg = Release|x86
		{983B7EFF-7E75-4A87-890A-744A0B4C5232}.Release|Mixed Platforms.Build.0 = Release|x86
		{983B7EFF-7E75-4A87-890A-744A0B4C5232}.Release|x86.ActiveCfg = Release|x86
		{983B7EFF-7E75-4A87-890A-744A0B4C5232}.Release|x86.Build.0 = Release|x86
		{AD2D2DB4-E781-4CF1-9B62-3AAD264F196D}.Ad-Hoc|Any CPU.ActiveCfg = Release|Any CPU
		{AD2D2DB4-E781-4CF1-9B62-3AAD264F196D}.Ad-Hoc|Any CPU.Build.0 = Release|Any CPU
		{AD2D2DB4-E781-4CF1-9B62-3AAD264F196D}.Ad-Hoc|ARM.ActiveCfg = Release|Any CPU
		{AD2D2DB4-E781-4CF1-9B62-3AAD264F196D}.Ad-Hoc|iPhone.ActiveCfg = Release|Any CPU
		{AD2D2DB4-E781-4CF1-9B62-3AAD264F196D}.Ad-Hoc|iPhoneSimulator.ActiveCfg = Release|Any CPU
		{AD2D2DB4-E781-4CF1-9B62-3AAD264F196D}.Ad-Hoc|Mixed Platforms.ActiveCfg = Release|Any CPU
		{AD2D2DB4-E781-4CF1-9B62-3AAD264F196D}.Ad-Hoc|Mixed Platforms.Build.0 = Release|Any CPU
		{AD2D2DB4-E781-4CF1-9B62-3AAD264F196D}.Ad-Hoc|x86.ActiveCfg = Release|Any CPU
		{AD2D2DB4-E781-4CF1-9B62-3AAD264F196D}.AppStore|Any CPU.ActiveCfg = Release|Any CPU
		{AD2D2DB4-E781-4CF1-9B62-3AAD264F196D}.AppStore|Any CPU.Build.0 = Release|Any CPU
		{AD2D2DB4-E781-4CF1-9B62-3AAD264F196D}.AppStore|ARM.ActiveCfg = Release|Any CPU
		{AD2D2DB4-E781-4CF1-9B62-3AAD264F196D}.AppStore|iPhone.ActiveCfg = Release|Any CPU
		{AD2D2DB4-E781-4CF1-9B62-3AAD264F196D}.AppStore|iPhoneSimulator.ActiveCfg = Release|Any CPU
		{AD2D2DB4-E781-4CF1-9B62-3AAD264F196D}.AppStore|Mixed Platforms.ActiveCfg = Release|Any CPU
		{AD2D2DB4-E781-4CF1-9B62-3AAD264F196D}.AppStore|Mixed Platforms.Build.0 = Release|Any CPU
		{AD2D2DB4-E781-4CF1-9B62-3AAD264F196D}.AppStore|x86.ActiveCfg = Release|Any CPU
		{AD2D2DB4-E781-4CF1-9B62-3AAD264F196D}.Debug|Any CPU.ActiveCfg = Debug|Any CPU
		{AD2D2DB4-E781-4CF1-9B62-3AAD264F196D}.Debug|Any CPU.Build.0 = Debug|Any CPU
		{AD2D2DB4-E781-4CF1-9B62-3AAD264F196D}.Debug|ARM.ActiveCfg = Debug|Any CPU
		{AD2D2DB4-E781-4CF1-9B62-3AAD264F196D}.Debug|iPhone.ActiveCfg = Debug|Any CPU
		{AD2D2DB4-E781-4CF1-9B62-3AAD264F196D}.Debug|iPhoneSimulator.ActiveCfg = Debug|Any CPU
		{AD2D2DB4-E781-4CF1-9B62-3AAD264F196D}.Debug|Mixed Platforms.ActiveCfg = Debug|Any CPU
		{AD2D2DB4-E781-4CF1-9B62-3AAD264F196D}.Debug|Mixed Platforms.Build.0 = Debug|Any CPU
		{AD2D2DB4-E781-4CF1-9B62-3AAD264F196D}.Debug|x86.ActiveCfg = Debug|Any CPU
		{AD2D2DB4-E781-4CF1-9B62-3AAD264F196D}.Release|Any CPU.ActiveCfg = Release|Any CPU
		{AD2D2DB4-E781-4CF1-9B62-3AAD264F196D}.Release|Any CPU.Build.0 = Release|Any CPU
		{AD2D2DB4-E781-4CF1-9B62-3AAD264F196D}.Release|ARM.ActiveCfg = Release|Any CPU
		{AD2D2DB4-E781-4CF1-9B62-3AAD264F196D}.Release|iPhone.ActiveCfg = Release|Any CPU
		{AD2D2DB4-E781-4CF1-9B62-3AAD264F196D}.Release|iPhoneSimulator.ActiveCfg = Release|Any CPU
		{AD2D2DB4-E781-4CF1-9B62-3AAD264F196D}.Release|Mixed Platforms.ActiveCfg = Release|Any CPU
		{AD2D2DB4-E781-4CF1-9B62-3AAD264F196D}.Release|Mixed Platforms.Build.0 = Release|Any CPU
		{AD2D2DB4-E781-4CF1-9B62-3AAD264F196D}.Release|x86.ActiveCfg = Release|Any CPU
		{BB5057AE-1DCF-417F-8860-C27C028D43F6}.Ad-Hoc|Any CPU.ActiveCfg = Release|Any CPU
		{BB5057AE-1DCF-417F-8860-C27C028D43F6}.Ad-Hoc|Any CPU.Build.0 = Release|Any CPU
		{BB5057AE-1DCF-417F-8860-C27C028D43F6}.Ad-Hoc|ARM.ActiveCfg = Release|Any CPU
		{BB5057AE-1DCF-417F-8860-C27C028D43F6}.Ad-Hoc|iPhone.ActiveCfg = Release|Any CPU
		{BB5057AE-1DCF-417F-8860-C27C028D43F6}.Ad-Hoc|iPhoneSimulator.ActiveCfg = Release|Any CPU
		{BB5057AE-1DCF-417F-8860-C27C028D43F6}.Ad-Hoc|Mixed Platforms.ActiveCfg = Release|Any CPU
		{BB5057AE-1DCF-417F-8860-C27C028D43F6}.Ad-Hoc|Mixed Platforms.Build.0 = Release|Any CPU
		{BB5057AE-1DCF-417F-8860-C27C028D43F6}.Ad-Hoc|x86.ActiveCfg = Release|Any CPU
		{BB5057AE-1DCF-417F-8860-C27C028D43F6}.AppStore|Any CPU.ActiveCfg = Release|Any CPU
		{BB5057AE-1DCF-417F-8860-C27C028D43F6}.AppStore|Any CPU.Build.0 = Release|Any CPU
		{BB5057AE-1DCF-417F-8860-C27C028D43F6}.AppStore|ARM.ActiveCfg = Release|Any CPU
		{BB5057AE-1DCF-417F-8860-C27C028D43F6}.AppStore|iPhone.ActiveCfg = Release|Any CPU
		{BB5057AE-1DCF-417F-8860-C27C028D43F6}.AppStore|iPhoneSimulator.ActiveCfg = Release|Any CPU
		{BB5057AE-1DCF-417F-8860-C27C028D43F6}.AppStore|Mixed Platforms.ActiveCfg = Release|Any CPU
		{BB5057AE-1DCF-417F-8860-C27C028D43F6}.AppStore|Mixed Platforms.Build.0 = Release|Any CPU
		{BB5057AE-1DCF-417F-8860-C27C028D43F6}.AppStore|x86.ActiveCfg = Release|Any CPU
		{BB5057AE-1DCF-417F-8860-C27C028D43F6}.Debug|Any CPU.ActiveCfg = Debug|Any CPU
		{BB5057AE-1DCF-417F-8860-C27C028D43F6}.Debug|Any CPU.Build.0 = Debug|Any CPU
		{BB5057AE-1DCF-417F-8860-C27C028D43F6}.Debug|ARM.ActiveCfg = Debug|Any CPU
		{BB5057AE-1DCF-417F-8860-C27C028D43F6}.Debug|iPhone.ActiveCfg = Debug|Any CPU
		{BB5057AE-1DCF-417F-8860-C27C028D43F6}.Debug|iPhone.Build.0 = Debug|Any CPU
		{BB5057AE-1DCF-417F-8860-C27C028D43F6}.Debug|iPhoneSimulator.ActiveCfg = Debug|Any CPU
		{BB5057AE-1DCF-417F-8860-C27C028D43F6}.Debug|iPhoneSimulator.Build.0 = Debug|Any CPU
		{BB5057AE-1DCF-417F-8860-C27C028D43F6}.Debug|Mixed Platforms.ActiveCfg = Debug|Any CPU
		{BB5057AE-1DCF-417F-8860-C27C028D43F6}.Debug|Mixed Platforms.Build.0 = Debug|Any CPU
		{BB5057AE-1DCF-417F-8860-C27C028D43F6}.Debug|x86.ActiveCfg = Debug|Any CPU
		{BB5057AE-1DCF-417F-8860-C27C028D43F6}.Release|Any CPU.ActiveCfg = Release|Any CPU
		{BB5057AE-1DCF-417F-8860-C27C028D43F6}.Release|Any CPU.Build.0 = Release|Any CPU
		{BB5057AE-1DCF-417F-8860-C27C028D43F6}.Release|ARM.ActiveCfg = Release|Any CPU
		{BB5057AE-1DCF-417F-8860-C27C028D43F6}.Release|iPhone.ActiveCfg = Release|Any CPU
		{BB5057AE-1DCF-417F-8860-C27C028D43F6}.Release|iPhoneSimulator.ActiveCfg = Release|Any CPU
		{BB5057AE-1DCF-417F-8860-C27C028D43F6}.Release|Mixed Platforms.ActiveCfg = Release|Any CPU
		{BB5057AE-1DCF-417F-8860-C27C028D43F6}.Release|Mixed Platforms.Build.0 = Release|Any CPU
		{BB5057AE-1DCF-417F-8860-C27C028D43F6}.Release|x86.ActiveCfg = Release|Any CPU
		{D4D32B4C-A7C2-4503-BB27-D49FA5F4C41C}.Ad-Hoc|Any CPU.ActiveCfg = Release|Any CPU
		{D4D32B4C-A7C2-4503-BB27-D49FA5F4C41C}.Ad-Hoc|Any CPU.Build.0 = Release|Any CPU
		{D4D32B4C-A7C2-4503-BB27-D49FA5F4C41C}.Ad-Hoc|ARM.ActiveCfg = Release|Any CPU
		{D4D32B4C-A7C2-4503-BB27-D49FA5F4C41C}.Ad-Hoc|ARM.Build.0 = Release|Any CPU
		{D4D32B4C-A7C2-4503-BB27-D49FA5F4C41C}.Ad-Hoc|iPhone.ActiveCfg = Release|Any CPU
		{D4D32B4C-A7C2-4503-BB27-D49FA5F4C41C}.Ad-Hoc|iPhone.Build.0 = Release|Any CPU
		{D4D32B4C-A7C2-4503-BB27-D49FA5F4C41C}.Ad-Hoc|iPhoneSimulator.ActiveCfg = Release|Any CPU
		{D4D32B4C-A7C2-4503-BB27-D49FA5F4C41C}.Ad-Hoc|iPhoneSimulator.Build.0 = Release|Any CPU
		{D4D32B4C-A7C2-4503-BB27-D49FA5F4C41C}.Ad-Hoc|Mixed Platforms.ActiveCfg = Release|Any CPU
		{D4D32B4C-A7C2-4503-BB27-D49FA5F4C41C}.Ad-Hoc|Mixed Platforms.Build.0 = Release|Any CPU
		{D4D32B4C-A7C2-4503-BB27-D49FA5F4C41C}.Ad-Hoc|x86.ActiveCfg = Release|Any CPU
		{D4D32B4C-A7C2-4503-BB27-D49FA5F4C41C}.Ad-Hoc|x86.Build.0 = Release|Any CPU
		{D4D32B4C-A7C2-4503-BB27-D49FA5F4C41C}.AppStore|Any CPU.ActiveCfg = Release|Any CPU
		{D4D32B4C-A7C2-4503-BB27-D49FA5F4C41C}.AppStore|Any CPU.Build.0 = Release|Any CPU
		{D4D32B4C-A7C2-4503-BB27-D49FA5F4C41C}.AppStore|ARM.ActiveCfg = Release|Any CPU
		{D4D32B4C-A7C2-4503-BB27-D49FA5F4C41C}.AppStore|ARM.Build.0 = Release|Any CPU
		{D4D32B4C-A7C2-4503-BB27-D49FA5F4C41C}.AppStore|iPhone.ActiveCfg = Release|Any CPU
		{D4D32B4C-A7C2-4503-BB27-D49FA5F4C41C}.AppStore|iPhone.Build.0 = Release|Any CPU
		{D4D32B4C-A7C2-4503-BB27-D49FA5F4C41C}.AppStore|iPhoneSimulator.ActiveCfg = Release|Any CPU
		{D4D32B4C-A7C2-4503-BB27-D49FA5F4C41C}.AppStore|iPhoneSimulator.Build.0 = Release|Any CPU
		{D4D32B4C-A7C2-4503-BB27-D49FA5F4C41C}.AppStore|Mixed Platforms.ActiveCfg = Release|Any CPU
		{D4D32B4C-A7C2-4503-BB27-D49FA5F4C41C}.AppStore|Mixed Platforms.Build.0 = Release|Any CPU
		{D4D32B4C-A7C2-4503-BB27-D49FA5F4C41C}.AppStore|x86.ActiveCfg = Release|Any CPU
		{D4D32B4C-A7C2-4503-BB27-D49FA5F4C41C}.AppStore|x86.Build.0 = Release|Any CPU
		{D4D32B4C-A7C2-4503-BB27-D49FA5F4C41C}.Debug|Any CPU.ActiveCfg = Debug|Any CPU
		{D4D32B4C-A7C2-4503-BB27-D49FA5F4C41C}.Debug|Any CPU.Build.0 = Debug|Any CPU
		{D4D32B4C-A7C2-4503-BB27-D49FA5F4C41C}.Debug|ARM.ActiveCfg = Debug|Any CPU
		{D4D32B4C-A7C2-4503-BB27-D49FA5F4C41C}.Debug|ARM.Build.0 = Debug|Any CPU
		{D4D32B4C-A7C2-4503-BB27-D49FA5F4C41C}.Debug|iPhone.ActiveCfg = Debug|Any CPU
		{D4D32B4C-A7C2-4503-BB27-D49FA5F4C41C}.Debug|iPhone.Build.0 = Debug|Any CPU
		{D4D32B4C-A7C2-4503-BB27-D49FA5F4C41C}.Debug|iPhoneSimulator.ActiveCfg = Debug|Any CPU
		{D4D32B4C-A7C2-4503-BB27-D49FA5F4C41C}.Debug|iPhoneSimulator.Build.0 = Debug|Any CPU
		{D4D32B4C-A7C2-4503-BB27-D49FA5F4C41C}.Debug|Mixed Platforms.ActiveCfg = Debug|Any CPU
		{D4D32B4C-A7C2-4503-BB27-D49FA5F4C41C}.Debug|Mixed Platforms.Build.0 = Debug|Any CPU
		{D4D32B4C-A7C2-4503-BB27-D49FA5F4C41C}.Debug|x86.ActiveCfg = Debug|Any CPU
		{D4D32B4C-A7C2-4503-BB27-D49FA5F4C41C}.Debug|x86.Build.0 = Debug|Any CPU
		{D4D32B4C-A7C2-4503-BB27-D49FA5F4C41C}.Release|Any CPU.ActiveCfg = Release|Any CPU
		{D4D32B4C-A7C2-4503-BB27-D49FA5F4C41C}.Release|Any CPU.Build.0 = Release|Any CPU
		{D4D32B4C-A7C2-4503-BB27-D49FA5F4C41C}.Release|ARM.ActiveCfg = Release|Any CPU
		{D4D32B4C-A7C2-4503-BB27-D49FA5F4C41C}.Release|ARM.Build.0 = Release|Any CPU
		{D4D32B4C-A7C2-4503-BB27-D49FA5F4C41C}.Release|iPhone.ActiveCfg = Release|Any CPU
		{D4D32B4C-A7C2-4503-BB27-D49FA5F4C41C}.Release|iPhone.Build.0 = Release|Any CPU
		{D4D32B4C-A7C2-4503-BB27-D49FA5F4C41C}.Release|iPhoneSimulator.ActiveCfg = Release|Any CPU
		{D4D32B4C-A7C2-4503-BB27-D49FA5F4C41C}.Release|iPhoneSimulator.Build.0 = Release|Any CPU
		{D4D32B4C-A7C2-4503-BB27-D49FA5F4C41C}.Release|Mixed Platforms.ActiveCfg = Release|Any CPU
		{D4D32B4C-A7C2-4503-BB27-D49FA5F4C41C}.Release|Mixed Platforms.Build.0 = Release|Any CPU
		{D4D32B4C-A7C2-4503-BB27-D49FA5F4C41C}.Release|x86.ActiveCfg = Release|Any CPU
		{D4D32B4C-A7C2-4503-BB27-D49FA5F4C41C}.Release|x86.Build.0 = Release|Any CPU
		{DB7A9A43-68E2-4800-B7A6-2E7F8BE29004}.Ad-Hoc|Any CPU.ActiveCfg = Release|Any CPU
		{DB7A9A43-68E2-4800-B7A6-2E7F8BE29004}.Ad-Hoc|Any CPU.Build.0 = Release|Any CPU
		{DB7A9A43-68E2-4800-B7A6-2E7F8BE29004}.Ad-Hoc|Any CPU.Deploy.0 = Release|Any CPU
		{DB7A9A43-68E2-4800-B7A6-2E7F8BE29004}.Ad-Hoc|ARM.ActiveCfg = Release|ARM
		{DB7A9A43-68E2-4800-B7A6-2E7F8BE29004}.Ad-Hoc|ARM.Build.0 = Release|ARM
		{DB7A9A43-68E2-4800-B7A6-2E7F8BE29004}.Ad-Hoc|ARM.Deploy.0 = Release|ARM
		{DB7A9A43-68E2-4800-B7A6-2E7F8BE29004}.Ad-Hoc|iPhone.ActiveCfg = Release|Any CPU
		{DB7A9A43-68E2-4800-B7A6-2E7F8BE29004}.Ad-Hoc|iPhoneSimulator.ActiveCfg = Release|Any CPU
		{DB7A9A43-68E2-4800-B7A6-2E7F8BE29004}.Ad-Hoc|Mixed Platforms.ActiveCfg = Release|x86
		{DB7A9A43-68E2-4800-B7A6-2E7F8BE29004}.Ad-Hoc|Mixed Platforms.Build.0 = Release|x86
		{DB7A9A43-68E2-4800-B7A6-2E7F8BE29004}.Ad-Hoc|Mixed Platforms.Deploy.0 = Release|x86
		{DB7A9A43-68E2-4800-B7A6-2E7F8BE29004}.Ad-Hoc|x86.ActiveCfg = Release|x86
		{DB7A9A43-68E2-4800-B7A6-2E7F8BE29004}.Ad-Hoc|x86.Build.0 = Release|x86
		{DB7A9A43-68E2-4800-B7A6-2E7F8BE29004}.Ad-Hoc|x86.Deploy.0 = Release|x86
		{DB7A9A43-68E2-4800-B7A6-2E7F8BE29004}.AppStore|Any CPU.ActiveCfg = Release|Any CPU
		{DB7A9A43-68E2-4800-B7A6-2E7F8BE29004}.AppStore|Any CPU.Build.0 = Release|Any CPU
		{DB7A9A43-68E2-4800-B7A6-2E7F8BE29004}.AppStore|Any CPU.Deploy.0 = Release|Any CPU
		{DB7A9A43-68E2-4800-B7A6-2E7F8BE29004}.AppStore|ARM.ActiveCfg = Release|ARM
		{DB7A9A43-68E2-4800-B7A6-2E7F8BE29004}.AppStore|ARM.Build.0 = Release|ARM
		{DB7A9A43-68E2-4800-B7A6-2E7F8BE29004}.AppStore|ARM.Deploy.0 = Release|ARM
		{DB7A9A43-68E2-4800-B7A6-2E7F8BE29004}.AppStore|iPhone.ActiveCfg = Release|Any CPU
		{DB7A9A43-68E2-4800-B7A6-2E7F8BE29004}.AppStore|iPhoneSimulator.ActiveCfg = Release|Any CPU
		{DB7A9A43-68E2-4800-B7A6-2E7F8BE29004}.AppStore|Mixed Platforms.ActiveCfg = Release|x86
		{DB7A9A43-68E2-4800-B7A6-2E7F8BE29004}.AppStore|Mixed Platforms.Build.0 = Release|x86
		{DB7A9A43-68E2-4800-B7A6-2E7F8BE29004}.AppStore|Mixed Platforms.Deploy.0 = Release|x86
		{DB7A9A43-68E2-4800-B7A6-2E7F8BE29004}.AppStore|x86.ActiveCfg = Release|x86
		{DB7A9A43-68E2-4800-B7A6-2E7F8BE29004}.AppStore|x86.Build.0 = Release|x86
		{DB7A9A43-68E2-4800-B7A6-2E7F8BE29004}.AppStore|x86.Deploy.0 = Release|x86
		{DB7A9A43-68E2-4800-B7A6-2E7F8BE29004}.Debug|Any CPU.ActiveCfg = Debug|Any CPU
		{DB7A9A43-68E2-4800-B7A6-2E7F8BE29004}.Debug|Any CPU.Build.0 = Debug|Any CPU
		{DB7A9A43-68E2-4800-B7A6-2E7F8BE29004}.Debug|Any CPU.Deploy.0 = Debug|Any CPU
		{DB7A9A43-68E2-4800-B7A6-2E7F8BE29004}.Debug|ARM.ActiveCfg = Debug|ARM
		{DB7A9A43-68E2-4800-B7A6-2E7F8BE29004}.Debug|ARM.Build.0 = Debug|ARM
		{DB7A9A43-68E2-4800-B7A6-2E7F8BE29004}.Debug|ARM.Deploy.0 = Debug|ARM
		{DB7A9A43-68E2-4800-B7A6-2E7F8BE29004}.Debug|iPhone.ActiveCfg = Debug|Any CPU
		{DB7A9A43-68E2-4800-B7A6-2E7F8BE29004}.Debug|iPhoneSimulator.ActiveCfg = Debug|Any CPU
		{DB7A9A43-68E2-4800-B7A6-2E7F8BE29004}.Debug|Mixed Platforms.ActiveCfg = Debug|x86
		{DB7A9A43-68E2-4800-B7A6-2E7F8BE29004}.Debug|Mixed Platforms.Build.0 = Debug|x86
		{DB7A9A43-68E2-4800-B7A6-2E7F8BE29004}.Debug|Mixed Platforms.Deploy.0 = Debug|x86
		{DB7A9A43-68E2-4800-B7A6-2E7F8BE29004}.Debug|x86.ActiveCfg = Debug|x86
		{DB7A9A43-68E2-4800-B7A6-2E7F8BE29004}.Debug|x86.Build.0 = Debug|x86
		{DB7A9A43-68E2-4800-B7A6-2E7F8BE29004}.Debug|x86.Deploy.0 = Debug|x86
		{DB7A9A43-68E2-4800-B7A6-2E7F8BE29004}.Release|Any CPU.ActiveCfg = Release|Any CPU
		{DB7A9A43-68E2-4800-B7A6-2E7F8BE29004}.Release|Any CPU.Build.0 = Release|Any CPU
		{DB7A9A43-68E2-4800-B7A6-2E7F8BE29004}.Release|Any CPU.Deploy.0 = Release|Any CPU
		{DB7A9A43-68E2-4800-B7A6-2E7F8BE29004}.Release|ARM.ActiveCfg = Release|ARM
		{DB7A9A43-68E2-4800-B7A6-2E7F8BE29004}.Release|ARM.Build.0 = Release|ARM
		{DB7A9A43-68E2-4800-B7A6-2E7F8BE29004}.Release|ARM.Deploy.0 = Release|ARM
		{DB7A9A43-68E2-4800-B7A6-2E7F8BE29004}.Release|iPhone.ActiveCfg = Release|Any CPU
		{DB7A9A43-68E2-4800-B7A6-2E7F8BE29004}.Release|iPhoneSimulator.ActiveCfg = Release|Any CPU
		{DB7A9A43-68E2-4800-B7A6-2E7F8BE29004}.Release|Mixed Platforms.ActiveCfg = Release|x86
		{DB7A9A43-68E2-4800-B7A6-2E7F8BE29004}.Release|Mixed Platforms.Build.0 = Release|x86
		{DB7A9A43-68E2-4800-B7A6-2E7F8BE29004}.Release|Mixed Platforms.Deploy.0 = Release|x86
		{DB7A9A43-68E2-4800-B7A6-2E7F8BE29004}.Release|x86.ActiveCfg = Release|x86
		{DB7A9A43-68E2-4800-B7A6-2E7F8BE29004}.Release|x86.Build.0 = Release|x86
		{DB7A9A43-68E2-4800-B7A6-2E7F8BE29004}.Release|x86.Deploy.0 = Release|x86
	EndGlobalSection
	GlobalSection(NestedProjects) = preSolution
		{BB5057AE-1DCF-417F-8860-C27C028D43F6} = {CA9535B0-E356-49A0-9692-B9D20C1F56FC}
		{802599F5-3B51-4365-AF3A-A5548AA2AA33} = {CA9535B0-E356-49A0-9692-B9D20C1F56FC}
		{6ADFA0D7-478B-420D-9098-6CAF548C03A4} = {CA9535B0-E356-49A0-9692-B9D20C1F56FC}
		{DB7A9A43-68E2-4800-B7A6-2E7F8BE29004} = {CA9535B0-E356-49A0-9692-B9D20C1F56FC}
		{14C534B6-1984-41A9-A384-D3A5508588E3} = {4DA76A86-0848-431E-8391-E4E5402F1E35}
		{4C94076F-EE68-41E5-902D-93E8B05F671C} = {4DA76A86-0848-431E-8391-E4E5402F1E35}
		{AD2D2DB4-E781-4CF1-9B62-3AAD264F196D} = {4DA76A86-0848-431E-8391-E4E5402F1E35}
		{983B7EFF-7E75-4A87-890A-744A0B4C5232} = {4DA76A86-0848-431E-8391-E4E5402F1E35}
		{23BB238F-CCEC-47C1-96C4-F5249DE893EA} = {C4FA455E-5AB4-4C9E-8644-81AE1A273603}
		{8CEA8543-CAB6-485A-954C-6FA81D280E97} = {C4FA455E-5AB4-4C9E-8644-81AE1A273603}
		{93E73D12-DA3B-4D2D-8C9A-D48480137E06} = {C4FA455E-5AB4-4C9E-8644-81AE1A273603}
		{D4D32B4C-A7C2-4503-BB27-D49FA5F4C41C} = {C4FA455E-5AB4-4C9E-8644-81AE1A273603}
	EndGlobalSection
	GlobalSection(SolutionProperties) = preSolution
		HideSolutionNode = FALSE
	EndGlobalSection
EndGlobal
